{
  "name": "javascript-client",
  "version": "1.0.0",
  "lockfileVersion": 3,
  "requires": true,
  "packages": {
    "": {
      "name": "javascript-client",
      "version": "1.0.0",
      "license": "UNLICENSED",
      "dependencies": {
        "@heyputer/putility": "^1.0.2",
        "ws": "^8.18.1"
      }
    },
    "node_modules/@heyputer/putility": {
      "version": "1.0.2",
      "resolved": "https://registry.npmjs.org/@heyputer/putility/-/putility-1.0.2.tgz",
      "integrity": "sha512-FbUKcxhdbpwkKqlDcRYxXflSUR04g46OlEzDOs5j3vo7Vb7TC1vQANnB37meT5pp8siGdUI7i2i4o0PH/AG1gw=="
    },
    "node_modules/ws": {
      "version": "8.18.1",
      "resolved": "https://registry.npmjs.org/ws/-/ws-8.18.1.tgz",
      "integrity": "sha512-RKW2aJZMXeMxVpnZ6bck+RswznaxmzdULiBr6KY7XkTnW8uvt0iT9H5DkHUChXrc+uurzwa0rVI16n/Xzjdz1w==",
      "engines": {
        "node": ">=10.0.0"
      },
      "peerDependencies": {
        "bufferutil": "^4.0.1",
        "utf-8-validate": ">=5.0.2"
      },
      "peerDependenciesMeta": {
        "bufferutil": {
          "optional": true
        },
        "utf-8-validate": {
          "optional": true
        }
      }
    }
  }
}
